
Microsoft Visual Studio Solution File, Format Version 12.00
# Visual Studio Version 17
VisualStudioVersion = 17.3.32804.467
MinimumVisualStudioVersion = 10.0.40219.1
Project("{9A19103F-16F7-4668-BE54-9A1E7A4F7556}") = "LeetCode", "LeetCode.csproj", "{F371F579-7F24-4DF8-A40C-D9C871D58FC8}"
EndProject
Project("{9A19103F-16F7-4668-BE54-9A1E7A4F7556}") = "VastTools", "..\VastTools\VastTools.csproj", "{539E03B9-8CFE-4AD1-89C4-B6F99E677769}"
EndProject
Global
	GlobalSection(SolutionConfigurationPlatforms) = preSolution
		Debug|Any CPU = Debug|Any CPU
		Release|Any CPU = Release|Any CPU
	EndGlobalSection
	GlobalSection(ProjectConfigurationPlatforms) = postSolution
		{F371F579-7F24-4DF8-A40C-D9C871D58FC8}.Debug|Any CPU.ActiveCfg = Debug|Any CPU
		{F371F579-7F24-4DF8-A40C-D9C871D58FC8}.Debug|Any CPU.Build.0 = Debug|Any CPU
		{F371F579-7F24-4DF8-A40C-D9C871D58FC8}.Release|Any CPU.ActiveCfg = Release|Any CPU
		{F371F579-7F24-4DF8-A40C-D9C871D58FC8}.Release|Any CPU.Build.0 = Release|Any CPU
		{539E03B9-8CFE-4AD1-89C4-B6F99E677769}.Debug|Any CPU.ActiveCfg = Debug|Any CPU
		{539E03B9-8CFE-4AD1-89C4-B6F99E677769}.Debug|Any CPU.Build.0 = Debug|Any CPU
		{539E03B9-8CFE-4AD1-89C4-B6F99E677769}.Release|Any CPU.ActiveCfg = Release|Any CPU
		{539E03B9-8CFE-4AD1-89C4-B6F99E677769}.Release|Any CPU.Build.0 = Release|Any CPU
	EndGlobalSection
	GlobalSection(SolutionProperties) = preSolution
		HideSolutionNode = FALSE
	EndGlobalSection
	GlobalSection(ExtensibilityGlobals) = postSolution
		SolutionGuid = {86F388F3-CAC8-47FF-B117-E59284EFA33E}
	EndGlobalSection
EndGlobal
